
Microsoft Visual Studio Solution File, Format Version 12.00
# Visual Studio 15
VisualStudioVersion = 15.0.28010.2026
MinimumVisualStudioVersion = 10.0.40219.1
Project("{F184B08F-C81C-45F6-A57F-5ABD9991F28F}") = "WindowsApp3", "WindowsApp3\WindowsApp3.vbproj", "{C1FF1B23-10EF-4950-843E-D42B4C421423}"
EndProject
Global
	GlobalSection(SolutionConfigurationPlatforms) = preSolution
		Debug|Any CPU = Debug|Any CPU
		Release|Any CPU = Release|Any CPU
	EndGlobalSection
	GlobalSection(ProjectConfigurationPlatforms) = postSolution
		{C1FF1B23-10EF-4950-843E-D42B4C421423}.Debug|Any CPU.ActiveCfg = Debug|Any CPU
		{C1FF1B23-10EF-4950-843E-D42B4C421423}.Debug|Any CPU.Build.0 = Debug|Any CPU
		{C1FF1B23-10EF-4950-843E-D42B4C421423}.Release|Any CPU.ActiveCfg = Release|Any CPU
		{C1FF1B23-10EF-4950-843E-D42B4C421423}.Release|Any CPU.Build.0 = Release|Any CPU
	EndGlobalSection
	GlobalSection(SolutionProperties) = preSolution
		HideSolutionNode = FALSE
	EndGlobalSection
	GlobalSection(ExtensibilityGlobals) = postSolution
		SolutionGuid = {DE92B519-3EAB-4503-B0F1-411DD00C6339}
	EndGlobalSection
EndGlobal
